
Microsoft Visual Studio Solution File, Format Version 12.00
# Visual Studio Version 17
VisualStudioVersion = 17.12.35514.174 d17.12
MinimumVisualStudioVersion = 10.0.40219.1
Project("{FAE04EC0-301F-11D3-BF4B-00C04F79EFBC}") = "Lab6", "Lab6\Lab6.csproj", "{3A7429E4-7FFE-486B-9E89-E034FDD26470}"
EndProject
Project("{FAE04EC0-301F-11D3-BF4B-00C04F79EFBC}") = "Testss", "Testss\Testss.csproj", "{A855F45C-F02C-44C4-B263-7C3E6B8522B8}"
EndProject
Project("{FAE04EC0-301F-11D3-BF4B-00C04F79EFBC}") = "Kursach.Application", "Kursach.Application\Kursach.Application.csproj", "{8518DFE1-CE6B-47F1-B79B-60636827A8B9}"
EndProject
Project("{FAE04EC0-301F-11D3-BF4B-00C04F79EFBC}") = "Kursach.Domain", "Kursach.Domain\Kursach.Domain.csproj", "{D628B846-ED5B-4D7B-ABCE-4052FE77265C}"
EndProject
Project("{FAE04EC0-301F-11D3-BF4B-00C04F79EFBC}") = "Kursach.Infrastructure", "Kursach.Infrastructure\Kursach.Infrastructure.csproj", "{E5A65F5D-A115-402F-BD1E-822E853D6B4B}"
EndProject
Global
	GlobalSection(SolutionConfigurationPlatforms) = preSolution
		Debug|Any CPU = Debug|Any CPU
		Release|Any CPU = Release|Any CPU
	EndGlobalSection
	GlobalSection(ProjectConfigurationPlatforms) = postSolution
		{3A7429E4-7FFE-486B-9E89-E034FDD26470}.Debug|Any CPU.ActiveCfg = Debug|Any CPU
		{3A7429E4-7FFE-486B-9E89-E034FDD26470}.Debug|Any CPU.Build.0 = Debug|Any CPU
		{3A7429E4-7FFE-486B-9E89-E034FDD26470}.Release|Any CPU.ActiveCfg = Release|Any CPU
		{3A7429E4-7FFE-486B-9E89-E034FDD26470}.Release|Any CPU.Build.0 = Release|Any CPU
		{A855F45C-F02C-44C4-B263-7C3E6B8522B8}.Debug|Any CPU.ActiveCfg = Debug|Any CPU
		{A855F45C-F02C-44C4-B263-7C3E6B8522B8}.Debug|Any CPU.Build.0 = Debug|Any CPU
		{A855F45C-F02C-44C4-B263-7C3E6B8522B8}.Release|Any CPU.ActiveCfg = Release|Any CPU
		{A855F45C-F02C-44C4-B263-7C3E6B8522B8}.Release|Any CPU.Build.0 = Release|Any CPU
		{8518DFE1-CE6B-47F1-B79B-60636827A8B9}.Debug|Any CPU.ActiveCfg = Debug|Any CPU
		{8518DFE1-CE6B-47F1-B79B-60636827A8B9}.Debug|Any CPU.Build.0 = Debug|Any CPU
		{8518DFE1-CE6B-47F1-B79B-60636827A8B9}.Release|Any CPU.ActiveCfg = Release|Any CPU
		{8518DFE1-CE6B-47F1-B79B-60636827A8B9}.Release|Any CPU.Build.0 = Release|Any CPU
		{D628B846-ED5B-4D7B-ABCE-4052FE77265C}.Debug|Any CPU.ActiveCfg = Debug|Any CPU
		{D628B846-ED5B-4D7B-ABCE-4052FE77265C}.Debug|Any CPU.Build.0 = Debug|Any CPU
		{D628B846-ED5B-4D7B-ABCE-4052FE77265C}.Release|Any CPU.ActiveCfg = Release|Any CPU
		{D628B846-ED5B-4D7B-ABCE-4052FE77265C}.Release|Any CPU.Build.0 = Release|Any CPU
		{E5A65F5D-A115-402F-BD1E-822E853D6B4B}.Debug|Any CPU.ActiveCfg = Debug|Any CPU
		{E5A65F5D-A115-402F-BD1E-822E853D6B4B}.Debug|Any CPU.Build.0 = Debug|Any CPU
		{E5A65F5D-A115-402F-BD1E-822E853D6B4B}.Release|Any CPU.ActiveCfg = Release|Any CPU
		{E5A65F5D-A115-402F-BD1E-822E853D6B4B}.Release|Any CPU.Build.0 = Release|Any CPU
	EndGlobalSection
	GlobalSection(SolutionProperties) = preSolution
		HideSolutionNode = FALSE
	EndGlobalSection
EndGlobal
